
Microsoft Visual Studio Solution File, Format Version 12.00
# Visual Studio Version 16
VisualStudioVersion = 16.0.30709.64
MinimumVisualStudioVersion = 10.0.40219.1
Project("{9A19103F-16F7-4668-BE54-9A1E7A4F7556}") = "YoutubeUploader", "YoutubeUploader\YoutubeUploader.csproj", "{FB1411A3-8A1F-45E8-934B-36912A7A375E}"
EndProject
Project("{9A19103F-16F7-4668-BE54-9A1E7A4F7556}") = "ThumbnailGenerator", "ThumbnailGenerator\ThumbnailGenerator.csproj", "{2361D55C-7EDE-4936-9BC8-68CEB7F1F032}"
EndProject
Project("{9A19103F-16F7-4668-BE54-9A1E7A4F7556}") = "OctoThumbnailGenerator", "OctoThumbnailGenerator\OctoThumbnailGenerator.csproj", "{26F01E3A-E1EA-403F-B728-0A15A4D26287}"
EndProject
Global
	GlobalSection(SolutionConfigurationPlatforms) = preSolution
		Debug|Any CPU = Debug|Any CPU
		Release|Any CPU = Release|Any CPU
	EndGlobalSection
	GlobalSection(ProjectConfigurationPlatforms) = postSolution
		{FB1411A3-8A1F-45E8-934B-36912A7A375E}.Debug|Any CPU.ActiveCfg = Debug|Any CPU
		{FB1411A3-8A1F-45E8-934B-36912A7A375E}.Debug|Any CPU.Build.0 = Debug|Any CPU
		{FB1411A3-8A1F-45E8-934B-36912A7A375E}.Release|Any CPU.ActiveCfg = Release|Any CPU
		{FB1411A3-8A1F-45E8-934B-36912A7A375E}.Release|Any CPU.Build.0 = Release|Any CPU
		{2361D55C-7EDE-4936-9BC8-68CEB7F1F032}.Debug|Any CPU.ActiveCfg = Debug|Any CPU
		{2361D55C-7EDE-4936-9BC8-68CEB7F1F032}.Debug|Any CPU.Build.0 = Debug|Any CPU
		{2361D55C-7EDE-4936-9BC8-68CEB7F1F032}.Release|Any CPU.ActiveCfg = Release|Any CPU
		{2361D55C-7EDE-4936-9BC8-68CEB7F1F032}.Release|Any CPU.Build.0 = Release|Any CPU
		{26F01E3A-E1EA-403F-B728-0A15A4D26287}.Debug|Any CPU.ActiveCfg = Debug|Any CPU
		{26F01E3A-E1EA-403F-B728-0A15A4D26287}.Debug|Any CPU.Build.0 = Debug|Any CPU
		{26F01E3A-E1EA-403F-B728-0A15A4D26287}.Release|Any CPU.ActiveCfg = Release|Any CPU
		{26F01E3A-E1EA-403F-B728-0A15A4D26287}.Release|Any CPU.Build.0 = Release|Any CPU
	EndGlobalSection
	GlobalSection(SolutionProperties) = preSolution
		HideSolutionNode = FALSE
	EndGlobalSection
	GlobalSection(ExtensibilityGlobals) = postSolution
		SolutionGuid = {3A012035-5526-4A7E-A0B8-46C0DCD404DD}
	EndGlobalSection
EndGlobal
